
Microsoft Visual Studio Solution File, Format Version 12.00
# Visual Studio 15
VisualStudioVersion = 15.0.27703.2035
MinimumVisualStudioVersion = 10.0.40219.1
Project("{8BC9CEB8-8B4A-11D0-8D11-00A0C91BC942}") = "CameraC_live_single", "CameraC_live_single\CameraC_live_single.vcxproj", "{A18148AC-58EB-4CFA-B464-755A09EF218C}"
EndProject
Global
	GlobalSection(SolutionConfigurationPlatforms) = preSolution
		Debug|x64 = Debug|x64
		Debug|x86 = Debug|x86
		Release|x64 = Release|x64
		Release|x86 = Release|x86
	EndGlobalSection
	GlobalSection(ProjectConfigurationPlatforms) = postSolution
		{A18148AC-58EB-4CFA-B464-755A09EF218C}.Debug|x64.ActiveCfg = Debug|x64
		{A18148AC-58EB-4CFA-B464-755A09EF218C}.Debug|x64.Build.0 = Debug|x64
		{A18148AC-58EB-4CFA-B464-755A09EF218C}.Debug|x86.ActiveCfg = Debug|Win32
		{A18148AC-58EB-4CFA-B464-755A09EF218C}.Debug|x86.Build.0 = Debug|Win32
		{A18148AC-58EB-4CFA-B464-755A09EF218C}.Release|x64.ActiveCfg = Release|x64
		{A18148AC-58EB-4CFA-B464-755A09EF218C}.Release|x64.Build.0 = Release|x64
		{A18148AC-58EB-4CFA-B464-755A09EF218C}.Release|x86.ActiveCfg = Release|Win32
		{A18148AC-58EB-4CFA-B464-755A09EF218C}.Release|x86.Build.0 = Release|Win32
	EndGlobalSection
	GlobalSection(SolutionProperties) = preSolution
		HideSolutionNode = FALSE
	EndGlobalSection
	GlobalSection(ExtensibilityGlobals) = postSolution
		SolutionGuid = {47E9D5AC-1BED-42B1-9263-E9740153A3AF}
	EndGlobalSection
EndGlobal
